
Microsoft Visual Studio Solution File, Format Version 12.00
# Visual Studio Version 17
VisualStudioVersion = 17.8.34330.188
MinimumVisualStudioVersion = 10.0.40219.1
Project("{9A19103F-16F7-4668-BE54-9A1E7A4F7556}") = "CID.Courses.100.138", "CID.Courses.100.138.csproj", "{FDFF8029-3FB3-41F1-98F0-49D40A7C8F22}"
EndProject
Global
	GlobalSection(SolutionConfigurationPlatforms) = preSolution
		Debug|Any CPU = Debug|Any CPU
		Release|Any CPU = Release|Any CPU
	EndGlobalSection
	GlobalSection(ProjectConfigurationPlatforms) = postSolution
		{FDFF8029-3FB3-41F1-98F0-49D40A7C8F22}.Debug|Any CPU.ActiveCfg = Debug|Any CPU
		{FDFF8029-3FB3-41F1-98F0-49D40A7C8F22}.Debug|Any CPU.Build.0 = Debug|Any CPU
		{FDFF8029-3FB3-41F1-98F0-49D40A7C8F22}.Release|Any CPU.ActiveCfg = Release|Any CPU
		{FDFF8029-3FB3-41F1-98F0-49D40A7C8F22}.Release|Any CPU.Build.0 = Release|Any CPU
	EndGlobalSection
	GlobalSection(SolutionProperties) = preSolution
		HideSolutionNode = FALSE
	EndGlobalSection
	GlobalSection(ExtensibilityGlobals) = postSolution
		SolutionGuid = {44405A02-9217-4849-B683-9A6108CCDD65}
	EndGlobalSection
EndGlobal
